
Microsoft Visual Studio Solution File, Format Version 12.00
# Visual Studio 2012
Project("{FAE04EC0-301F-11D3-BF4B-00C04F79EFBC}") = "TsdLib.Instrument.Visa", "TsdLib.Instrument.Visa\TsdLib.Instrument.Visa.csproj", "{A9AB58D9-08EA-43CC-AB6A-9E934BDD3C7B}"
EndProject
Project("{FAE04EC0-301F-11D3-BF4B-00C04F79EFBC}") = "TsdLib.Instrument.Telnet", "TsdLib.Instrument.Telnet\TsdLib.Instrument.Telnet.csproj", "{FBCD8CC2-A747-4979-9507-AE356D466E5A}"
EndProject
Project("{2150E333-8FDC-42A3-9474-1A3956D46DE8}") = "Solution Items", "Solution Items", "{50B15706-C0B2-4454-959B-F560A6D61481}"
	ProjectSection(SolutionItems) = preProject
		.gitignore = .gitignore
		Git_Integration_Tips.html = Git_Integration_Tips.html
		NuGetPostBuild.bat = NuGetPostBuild.bat
		TsdLib_Architecture.vsdx = TsdLib_Architecture.vsdx
		TsdLib_Developers_Guide.html = TsdLib_Developers_Guide.html
	EndProjectSection
EndProject
Project("{2150E333-8FDC-42A3-9474-1A3956D46DE8}") = "StarterKit", "StarterKit", "{7D3E0D66-0881-4ED3-AF14-85E3810AF580}"
EndProject
Project("{FAE04EC0-301F-11D3-BF4B-00C04F79EFBC}") = "VersionSync", "VersionSync\VersionSync.csproj", "{F2A44688-E60E-47BB-AB58-21C4F06C9ABB}"
EndProject
Project("{7CF6DF6D-3B04-46F8-A40B-537D21BCA0B4}") = "TsdLib.Documentation", "TsdLib.Documentation\TsdLib.Documentation.shfbproj", "{2A2F878D-9E16-4E3A-B226-F2E5FE2B2965}"
EndProject
Project("{FAE04EC0-301F-11D3-BF4B-00C04F79EFBC}") = "TsdLibStarterKit", "TsdLibStarterKit\TsdLibStarterKit.csproj", "{37004D55-3112-401C-A7F2-D222648FDC1E}"
	ProjectSection(ProjectDependencies) = postProject
		{F2A44688-E60E-47BB-AB58-21C4F06C9ABB} = {F2A44688-E60E-47BB-AB58-21C4F06C9ABB}
	EndProjectSection
EndProject
Project("{FAE04EC0-301F-11D3-BF4B-00C04F79EFBC}") = "TsdLib.ConfigManagerApp", "TsdLib.ConfigManagerApp\TsdLib.ConfigManagerApp.csproj", "{A3B07997-F603-4BE4-B32F-2DCA36629BD3}"
EndProject
Project("{FAE04EC0-301F-11D3-BF4B-00C04F79EFBC}") = "TsdLib.InstrumentLibraryTools", "TsdLib.InstrumentLibraryTools\TsdLib.InstrumentLibraryTools.csproj", "{80C459F9-6A11-4BCC-B453-151BCF954E4F}"
EndProject
Project("{FAE04EC0-301F-11D3-BF4B-00C04F79EFBC}") = "TsdLib.UI", "TsdLib.UI\TsdLib.UI.csproj", "{F4735655-3CC1-446B-B90B-7A193A1BDABB}"
EndProject
Project("{FAE04EC0-301F-11D3-BF4B-00C04F79EFBC}") = "TsdLib.Core", "TsdLib.Core\TsdLib.Core.csproj", "{512BEDDC-2B71-42F0-9C1B-6D37497F5DA7}"
EndProject
Project("{FAE04EC0-301F-11D3-BF4B-00C04F79EFBC}") = "TsdLib.TestSystem", "TsdLib.TestSystem\TsdLib.TestSystem.csproj", "{3451FB26-8900-4E01-A46C-D00A9E0BBC2B}"
EndProject
Project("{FAE04EC0-301F-11D3-BF4B-00C04F79EFBC}") = "TsdLib.Measurements", "TsdLib.Measurements\TsdLib.Measurements.csproj", "{183FCB65-FF95-4BDA-8B9C-C93CE029E9CC}"
EndProject
Project("{FAE04EC0-301F-11D3-BF4B-00C04F79EFBC}") = "TsdLib.Instrument", "TsdLib.Instrument\TsdLib.Instrument.csproj", "{421092EB-A692-46A8-A66B-247C94C16421}"
EndProject
Project("{FAE04EC0-301F-11D3-BF4B-00C04F79EFBC}") = "TsdLib.Configuration", "TsdLib.Configuration\TsdLib.Configuration.csproj", "{2B62F43F-8670-4F88-B7BC-C9723D6FE8E7}"
EndProject
Project("{FAE04EC0-301F-11D3-BF4B-00C04F79EFBC}") = "TsdLib.Instrument.Ssh", "TsdLib.Instrument.Ssh\TsdLib.Instrument.Ssh.csproj", "{EC3F1676-015F-4191-9E66-84A2DB1EA945}"
EndProject
Project("{FAE04EC0-301F-11D3-BF4B-00C04F79EFBC}") = "TsdLib.Instrument.Adb", "TsdLib.Instrument.Adb\TsdLib.Instrument.Adb.csproj", "{5DFF1B05-A2D6-4313-94AB-546E4AD88377}"
EndProject
Project("{FAE04EC0-301F-11D3-BF4B-00C04F79EFBC}") = "TsdLib.Build", "TsdLib.Build\TsdLib.Build.csproj", "{1ABADA8F-9802-49F7-A7C0-9374F965DD17}"
EndProject
Project("{2150E333-8FDC-42A3-9474-1A3956D46DE8}") = "BuildTools", "BuildTools", "{EED96511-454D-461A-8B9A-BBDB5F89ACE8}"
	ProjectSection(SolutionItems) = preProject
		readme.txt = readme.txt
	EndProjectSection
EndProject
Project("{FAE04EC0-301F-11D3-BF4B-00C04F79EFBC}") = "TestClient", "TestClient\TestClient.csproj", "{7FAF514E-EFC9-40FB-B367-4E2F844547BC}"
EndProject
Project("{FAE04EC0-301F-11D3-BF4B-00C04F79EFBC}") = "TsdLib.InstrumentLibrary", "TsdLib.InstrumentLibrary\TsdLib.InstrumentLibrary.csproj", "{BEE4392E-1CDE-49C9-B992-E6EF61D69EB7}"
EndProject
Project("{FAE04EC0-301F-11D3-BF4B-00C04F79EFBC}") = "TsdLib.CodeGenerator", "TsdLib.CodeGenerator\TsdLib.CodeGenerator.csproj", "{EEDD0176-678D-4AAC-B622-A96EB2488D22}"
EndProject
Project("{FAE04EC0-301F-11D3-BF4B-00C04F79EFBC}") = "TsdLib.Forms", "TsdLib.Forms\TsdLib.Forms.csproj", "{6661080F-E8C7-4B33-A963-2B3CEDBA72E4}"
EndProject
Project("{FAE04EC0-301F-11D3-BF4B-00C04F79EFBC}") = "TsdApplication", "TsdApplication\TsdApplication.csproj", "{9975B03B-0493-4BCB-A519-C0B778246F83}"
EndProject
Project("{2150E333-8FDC-42A3-9474-1A3956D46DE8}") = "API", "API", "{DCC328A8-A754-44DD-B282-82DE6D81769B}"
EndProject
Project("{2150E333-8FDC-42A3-9474-1A3956D46DE8}") = "InstrumentLibrary", "InstrumentLibrary", "{04516186-C40E-4942-ACE5-DCCF4E930F91}"
EndProject
Global
	GlobalSection(SolutionConfigurationPlatforms) = preSolution
		Debug|Any CPU = Debug|Any CPU
		Release|Any CPU = Release|Any CPU
	EndGlobalSection
	GlobalSection(ProjectConfigurationPlatforms) = postSolution
		{A9AB58D9-08EA-43CC-AB6A-9E934BDD3C7B}.Debug|Any CPU.ActiveCfg = Debug|Any CPU
		{A9AB58D9-08EA-43CC-AB6A-9E934BDD3C7B}.Debug|Any CPU.Build.0 = Debug|Any CPU
		{A9AB58D9-08EA-43CC-AB6A-9E934BDD3C7B}.Release|Any CPU.ActiveCfg = Release|Any CPU
		{A9AB58D9-08EA-43CC-AB6A-9E934BDD3C7B}.Release|Any CPU.Build.0 = Release|Any CPU
		{FBCD8CC2-A747-4979-9507-AE356D466E5A}.Debug|Any CPU.ActiveCfg = Debug|Any CPU
		{FBCD8CC2-A747-4979-9507-AE356D466E5A}.Debug|Any CPU.Build.0 = Debug|Any CPU
		{FBCD8CC2-A747-4979-9507-AE356D466E5A}.Release|Any CPU.ActiveCfg = Release|Any CPU
		{FBCD8CC2-A747-4979-9507-AE356D466E5A}.Release|Any CPU.Build.0 = Release|Any CPU
		{F2A44688-E60E-47BB-AB58-21C4F06C9ABB}.Debug|Any CPU.ActiveCfg = Debug|Any CPU
		{F2A44688-E60E-47BB-AB58-21C4F06C9ABB}.Debug|Any CPU.Build.0 = Debug|Any CPU
		{F2A44688-E60E-47BB-AB58-21C4F06C9ABB}.Release|Any CPU.ActiveCfg = Release|Any CPU
		{F2A44688-E60E-47BB-AB58-21C4F06C9ABB}.Release|Any CPU.Build.0 = Release|Any CPU
		{2A2F878D-9E16-4E3A-B226-F2E5FE2B2965}.Debug|Any CPU.ActiveCfg = Debug|Any CPU
		{2A2F878D-9E16-4E3A-B226-F2E5FE2B2965}.Release|Any CPU.ActiveCfg = Release|Any CPU
		{2A2F878D-9E16-4E3A-B226-F2E5FE2B2965}.Release|Any CPU.Build.0 = Release|Any CPU
		{37004D55-3112-401C-A7F2-D222648FDC1E}.Debug|Any CPU.ActiveCfg = Debug|Any CPU
		{37004D55-3112-401C-A7F2-D222648FDC1E}.Debug|Any CPU.Build.0 = Debug|Any CPU
		{37004D55-3112-401C-A7F2-D222648FDC1E}.Release|Any CPU.ActiveCfg = Release|Any CPU
		{A3B07997-F603-4BE4-B32F-2DCA36629BD3}.Debug|Any CPU.ActiveCfg = Debug|Any CPU
		{A3B07997-F603-4BE4-B32F-2DCA36629BD3}.Debug|Any CPU.Build.0 = Debug|Any CPU
		{A3B07997-F603-4BE4-B32F-2DCA36629BD3}.Release|Any CPU.ActiveCfg = Release|Any CPU
		{A3B07997-F603-4BE4-B32F-2DCA36629BD3}.Release|Any CPU.Build.0 = Release|Any CPU
		{80C459F9-6A11-4BCC-B453-151BCF954E4F}.Debug|Any CPU.ActiveCfg = Debug|Any CPU
		{80C459F9-6A11-4BCC-B453-151BCF954E4F}.Debug|Any CPU.Build.0 = Debug|Any CPU
		{80C459F9-6A11-4BCC-B453-151BCF954E4F}.Release|Any CPU.ActiveCfg = Release|Any CPU
		{80C459F9-6A11-4BCC-B453-151BCF954E4F}.Release|Any CPU.Build.0 = Release|Any CPU
		{F4735655-3CC1-446B-B90B-7A193A1BDABB}.Debug|Any CPU.ActiveCfg = Debug|Any CPU
		{F4735655-3CC1-446B-B90B-7A193A1BDABB}.Debug|Any CPU.Build.0 = Debug|Any CPU
		{F4735655-3CC1-446B-B90B-7A193A1BDABB}.Release|Any CPU.ActiveCfg = Release|Any CPU
		{F4735655-3CC1-446B-B90B-7A193A1BDABB}.Release|Any CPU.Build.0 = Release|Any CPU
		{512BEDDC-2B71-42F0-9C1B-6D37497F5DA7}.Debug|Any CPU.ActiveCfg = Debug|Any CPU
		{512BEDDC-2B71-42F0-9C1B-6D37497F5DA7}.Debug|Any CPU.Build.0 = Debug|Any CPU
		{512BEDDC-2B71-42F0-9C1B-6D37497F5DA7}.Release|Any CPU.ActiveCfg = Release|Any CPU
		{512BEDDC-2B71-42F0-9C1B-6D37497F5DA7}.Release|Any CPU.Build.0 = Release|Any CPU
		{3451FB26-8900-4E01-A46C-D00A9E0BBC2B}.Debug|Any CPU.ActiveCfg = Debug|Any CPU
		{3451FB26-8900-4E01-A46C-D00A9E0BBC2B}.Debug|Any CPU.Build.0 = Debug|Any CPU
		{3451FB26-8900-4E01-A46C-D00A9E0BBC2B}.Release|Any CPU.ActiveCfg = Release|Any CPU
		{3451FB26-8900-4E01-A46C-D00A9E0BBC2B}.Release|Any CPU.Build.0 = Release|Any CPU
		{183FCB65-FF95-4BDA-8B9C-C93CE029E9CC}.Debug|Any CPU.ActiveCfg = Debug|Any CPU
		{183FCB65-FF95-4BDA-8B9C-C93CE029E9CC}.Debug|Any CPU.Build.0 = Debug|Any CPU
		{183FCB65-FF95-4BDA-8B9C-C93CE029E9CC}.Release|Any CPU.ActiveCfg = Release|Any CPU
		{183FCB65-FF95-4BDA-8B9C-C93CE029E9CC}.Release|Any CPU.Build.0 = Release|Any CPU
		{421092EB-A692-46A8-A66B-247C94C16421}.Debug|Any CPU.ActiveCfg = Debug|Any CPU
		{421092EB-A692-46A8-A66B-247C94C16421}.Debug|Any CPU.Build.0 = Debug|Any CPU
		{421092EB-A692-46A8-A66B-247C94C16421}.Release|Any CPU.ActiveCfg = Release|Any CPU
		{421092EB-A692-46A8-A66B-247C94C16421}.Release|Any CPU.Build.0 = Release|Any CPU
		{2B62F43F-8670-4F88-B7BC-C9723D6FE8E7}.Debug|Any CPU.ActiveCfg = Debug|Any CPU
		{2B62F43F-8670-4F88-B7BC-C9723D6FE8E7}.Debug|Any CPU.Build.0 = Debug|Any CPU
		{2B62F43F-8670-4F88-B7BC-C9723D6FE8E7}.Release|Any CPU.ActiveCfg = Release|Any CPU
		{2B62F43F-8670-4F88-B7BC-C9723D6FE8E7}.Release|Any CPU.Build.0 = Release|Any CPU
		{EC3F1676-015F-4191-9E66-84A2DB1EA945}.Debug|Any CPU.ActiveCfg = Debug|Any CPU
		{EC3F1676-015F-4191-9E66-84A2DB1EA945}.Debug|Any CPU.Build.0 = Debug|Any CPU
		{EC3F1676-015F-4191-9E66-84A2DB1EA945}.Release|Any CPU.ActiveCfg = Release|Any CPU
		{EC3F1676-015F-4191-9E66-84A2DB1EA945}.Release|Any CPU.Build.0 = Release|Any CPU
		{5DFF1B05-A2D6-4313-94AB-546E4AD88377}.Debug|Any CPU.ActiveCfg = Debug|Any CPU
		{5DFF1B05-A2D6-4313-94AB-546E4AD88377}.Debug|Any CPU.Build.0 = Debug|Any CPU
		{5DFF1B05-A2D6-4313-94AB-546E4AD88377}.Release|Any CPU.ActiveCfg = Release|Any CPU
		{5DFF1B05-A2D6-4313-94AB-546E4AD88377}.Release|Any CPU.Build.0 = Release|Any CPU
		{1ABADA8F-9802-49F7-A7C0-9374F965DD17}.Debug|Any CPU.ActiveCfg = Debug|Any CPU
		{1ABADA8F-9802-49F7-A7C0-9374F965DD17}.Release|Any CPU.ActiveCfg = Release|Any CPU
		{7FAF514E-EFC9-40FB-B367-4E2F844547BC}.Debug|Any CPU.ActiveCfg = Debug|Any CPU
		{7FAF514E-EFC9-40FB-B367-4E2F844547BC}.Debug|Any CPU.Build.0 = Debug|Any CPU
		{7FAF514E-EFC9-40FB-B367-4E2F844547BC}.Release|Any CPU.ActiveCfg = Release|Any CPU
		{7FAF514E-EFC9-40FB-B367-4E2F844547BC}.Release|Any CPU.Build.0 = Release|Any CPU
		{BEE4392E-1CDE-49C9-B992-E6EF61D69EB7}.Debug|Any CPU.ActiveCfg = Debug|Any CPU
		{BEE4392E-1CDE-49C9-B992-E6EF61D69EB7}.Debug|Any CPU.Build.0 = Debug|Any CPU
		{BEE4392E-1CDE-49C9-B992-E6EF61D69EB7}.Release|Any CPU.ActiveCfg = Release|Any CPU
		{BEE4392E-1CDE-49C9-B992-E6EF61D69EB7}.Release|Any CPU.Build.0 = Release|Any CPU
		{EEDD0176-678D-4AAC-B622-A96EB2488D22}.Debug|Any CPU.ActiveCfg = Debug|Any CPU
		{EEDD0176-678D-4AAC-B622-A96EB2488D22}.Debug|Any CPU.Build.0 = Debug|Any CPU
		{EEDD0176-678D-4AAC-B622-A96EB2488D22}.Release|Any CPU.ActiveCfg = Release|Any CPU
		{EEDD0176-678D-4AAC-B622-A96EB2488D22}.Release|Any CPU.Build.0 = Release|Any CPU
		{6661080F-E8C7-4B33-A963-2B3CEDBA72E4}.Debug|Any CPU.ActiveCfg = Debug|Any CPU
		{6661080F-E8C7-4B33-A963-2B3CEDBA72E4}.Debug|Any CPU.Build.0 = Debug|Any CPU
		{6661080F-E8C7-4B33-A963-2B3CEDBA72E4}.Release|Any CPU.ActiveCfg = Release|Any CPU
		{6661080F-E8C7-4B33-A963-2B3CEDBA72E4}.Release|Any CPU.Build.0 = Release|Any CPU
		{9975B03B-0493-4BCB-A519-C0B778246F83}.Debug|Any CPU.ActiveCfg = Debug|Any CPU
		{9975B03B-0493-4BCB-A519-C0B778246F83}.Debug|Any CPU.Build.0 = Debug|Any CPU
		{9975B03B-0493-4BCB-A519-C0B778246F83}.Release|Any CPU.ActiveCfg = Release|Any CPU
		{9975B03B-0493-4BCB-A519-C0B778246F83}.Release|Any CPU.Build.0 = Release|Any CPU
	EndGlobalSection
	GlobalSection(SolutionProperties) = preSolution
		HideSolutionNode = FALSE
	EndGlobalSection
	GlobalSection(NestedProjects) = preSolution
		{F2A44688-E60E-47BB-AB58-21C4F06C9ABB} = {7D3E0D66-0881-4ED3-AF14-85E3810AF580}
		{37004D55-3112-401C-A7F2-D222648FDC1E} = {7D3E0D66-0881-4ED3-AF14-85E3810AF580}
		{9975B03B-0493-4BCB-A519-C0B778246F83} = {7D3E0D66-0881-4ED3-AF14-85E3810AF580}
		{1ABADA8F-9802-49F7-A7C0-9374F965DD17} = {EED96511-454D-461A-8B9A-BBDB5F89ACE8}
		{EEDD0176-678D-4AAC-B622-A96EB2488D22} = {DCC328A8-A754-44DD-B282-82DE6D81769B}
		{2B62F43F-8670-4F88-B7BC-C9723D6FE8E7} = {DCC328A8-A754-44DD-B282-82DE6D81769B}
		{512BEDDC-2B71-42F0-9C1B-6D37497F5DA7} = {DCC328A8-A754-44DD-B282-82DE6D81769B}
		{6661080F-E8C7-4B33-A963-2B3CEDBA72E4} = {DCC328A8-A754-44DD-B282-82DE6D81769B}
		{421092EB-A692-46A8-A66B-247C94C16421} = {DCC328A8-A754-44DD-B282-82DE6D81769B}
		{5DFF1B05-A2D6-4313-94AB-546E4AD88377} = {DCC328A8-A754-44DD-B282-82DE6D81769B}
		{EC3F1676-015F-4191-9E66-84A2DB1EA945} = {DCC328A8-A754-44DD-B282-82DE6D81769B}
		{FBCD8CC2-A747-4979-9507-AE356D466E5A} = {DCC328A8-A754-44DD-B282-82DE6D81769B}
		{A9AB58D9-08EA-43CC-AB6A-9E934BDD3C7B} = {DCC328A8-A754-44DD-B282-82DE6D81769B}
		{183FCB65-FF95-4BDA-8B9C-C93CE029E9CC} = {DCC328A8-A754-44DD-B282-82DE6D81769B}
		{3451FB26-8900-4E01-A46C-D00A9E0BBC2B} = {DCC328A8-A754-44DD-B282-82DE6D81769B}
		{F4735655-3CC1-446B-B90B-7A193A1BDABB} = {DCC328A8-A754-44DD-B282-82DE6D81769B}
		{BEE4392E-1CDE-49C9-B992-E6EF61D69EB7} = {04516186-C40E-4942-ACE5-DCCF4E930F91}
		{80C459F9-6A11-4BCC-B453-151BCF954E4F} = {04516186-C40E-4942-ACE5-DCCF4E930F91}
	EndGlobalSection
EndGlobal
