
Microsoft Visual Studio Solution File, Format Version 12.00
# Visual Studio 2012
Project("{FAE04EC0-301F-11D3-BF4B-00C04F79EFBC}") = "TsdLib.Instrument.Visa", "TsdLib.Instrument.Visa\TsdLib.Instrument.Visa.csproj", "{A9AB58D9-08EA-43CC-AB6A-9E934BDD3C7B}"
EndProject
Project("{FAE04EC0-301F-11D3-BF4B-00C04F79EFBC}") = "TsdLib.Instrument.Telnet", "TsdLib.Instrument.Telnet\TsdLib.Instrument.Telnet.csproj", "{FBCD8CC2-A747-4979-9507-AE356D466E5A}"
EndProject
Project("{2150E333-8FDC-42A3-9474-1A3956D46DE8}") = "Solution Items", "Solution Items", "{50B15706-C0B2-4454-959B-F560A6D61481}"
	ProjectSection(SolutionItems) = preProject
		.gitignore = .gitignore
		Git_Integration_Tips.html = Git_Integration_Tips.html
		NuGetPostBuild.bat = NuGetPostBuild.bat
		TsdLib_Architecture.vsdx = TsdLib_Architecture.vsdx
		TsdLib_Developers_Guide.html = TsdLib_Developers_Guide.html
	EndProjectSection
EndProject
Project("{FAE04EC0-301F-11D3-BF4B-00C04F79EFBC}") = "TestClient", "TestClient\TestClient.csproj", "{7FAF514E-EFC9-40FB-B367-4E2F844547BC}"
	ProjectSection(ProjectDependencies) = postProject
		{2A2F878D-9E16-4E3A-B226-F2E5FE2B2965} = {2A2F878D-9E16-4E3A-B226-F2E5FE2B2965}
		{FBCD8CC2-A747-4979-9507-AE356D466E5A} = {FBCD8CC2-A747-4979-9507-AE356D466E5A}
		{A9AB58D9-08EA-43CC-AB6A-9E934BDD3C7B} = {A9AB58D9-08EA-43CC-AB6A-9E934BDD3C7B}
		{80C459F9-6A11-4BCC-B453-151BCF954E4F} = {80C459F9-6A11-4BCC-B453-151BCF954E4F}
	EndProjectSection
EndProject
Project("{2150E333-8FDC-42A3-9474-1A3956D46DE8}") = "Template", "Template", "{7D3E0D66-0881-4ED3-AF14-85E3810AF580}"
EndProject
Project("{FAE04EC0-301F-11D3-BF4B-00C04F79EFBC}") = "VersionSync", "VersionSync\VersionSync.csproj", "{F2A44688-E60E-47BB-AB58-21C4F06C9ABB}"
EndProject
Project("{7CF6DF6D-3B04-46F8-A40B-537D21BCA0B4}") = "TsdLib.Documentation", "TsdLib.Documentation\TsdLib.Documentation.shfbproj", "{2A2F878D-9E16-4E3A-B226-F2E5FE2B2965}"
	ProjectSection(ProjectDependencies) = postProject
		{3451FB26-8900-4E01-A46C-D00A9E0BBC2B} = {3451FB26-8900-4E01-A46C-D00A9E0BBC2B}
		{2B62F43F-8670-4F88-B7BC-C9723D6FE8E7} = {2B62F43F-8670-4F88-B7BC-C9723D6FE8E7}
		{F4735655-3CC1-446B-B90B-7A193A1BDABB} = {F4735655-3CC1-446B-B90B-7A193A1BDABB}
		{183FCB65-FF95-4BDA-8B9C-C93CE029E9CC} = {183FCB65-FF95-4BDA-8B9C-C93CE029E9CC}
		{C0EDAD98-25D3-4824-9DB6-A27DF7299E5D} = {C0EDAD98-25D3-4824-9DB6-A27DF7299E5D}
		{FBCD8CC2-A747-4979-9507-AE356D466E5A} = {FBCD8CC2-A747-4979-9507-AE356D466E5A}
		{A9AB58D9-08EA-43CC-AB6A-9E934BDD3C7B} = {A9AB58D9-08EA-43CC-AB6A-9E934BDD3C7B}
		{512BEDDC-2B71-42F0-9C1B-6D37497F5DA7} = {512BEDDC-2B71-42F0-9C1B-6D37497F5DA7}
		{421092EB-A692-46A8-A66B-247C94C16421} = {421092EB-A692-46A8-A66B-247C94C16421}
		{80C459F9-6A11-4BCC-B453-151BCF954E4F} = {80C459F9-6A11-4BCC-B453-151BCF954E4F}
	EndProjectSection
EndProject
Project("{FAE04EC0-301F-11D3-BF4B-00C04F79EFBC}") = "TsdLibStarterKit", "TsdLibStarterKit\TsdLibStarterKit.csproj", "{923CAB77-E583-406A-93B0-987D3AE10F74}"
EndProject
Project("{FAE04EC0-301F-11D3-BF4B-00C04F79EFBC}") = "TsdLibStarterKitInstaller", "TsdLibStarterKitInstaller\TsdLibStarterKitInstaller.csproj", "{37004D55-3112-401C-A7F2-D222648FDC1E}"
	ProjectSection(ProjectDependencies) = postProject
		{F2A44688-E60E-47BB-AB58-21C4F06C9ABB} = {F2A44688-E60E-47BB-AB58-21C4F06C9ABB}
		{2A2F878D-9E16-4E3A-B226-F2E5FE2B2965} = {2A2F878D-9E16-4E3A-B226-F2E5FE2B2965}
		{FBCD8CC2-A747-4979-9507-AE356D466E5A} = {FBCD8CC2-A747-4979-9507-AE356D466E5A}
		{A9AB58D9-08EA-43CC-AB6A-9E934BDD3C7B} = {A9AB58D9-08EA-43CC-AB6A-9E934BDD3C7B}
		{80C459F9-6A11-4BCC-B453-151BCF954E4F} = {80C459F9-6A11-4BCC-B453-151BCF954E4F}
	EndProjectSection
EndProject
Project("{FAE04EC0-301F-11D3-BF4B-00C04F79EFBC}") = "TsdLib.ConfigManagerApp", "TsdLib.ConfigManagerApp\TsdLib.ConfigManagerApp.csproj", "{A3B07997-F603-4BE4-B32F-2DCA36629BD3}"
EndProject
Project("{FAE04EC0-301F-11D3-BF4B-00C04F79EFBC}") = "TsdLib.InstrumentLibraryTools", "TsdLib.InstrumentLibraryTools\TsdLib.InstrumentLibraryTools.csproj", "{80C459F9-6A11-4BCC-B453-151BCF954E4F}"
EndProject
Project("{FAE04EC0-301F-11D3-BF4B-00C04F79EFBC}") = "TsdLib.UI", "TsdLib.UI\TsdLib.UI.csproj", "{F4735655-3CC1-446B-B90B-7A193A1BDABB}"
EndProject
Project("{FAE04EC0-301F-11D3-BF4B-00C04F79EFBC}") = "TsdLib.Core", "TsdLib.Core\TsdLib.Core.csproj", "{512BEDDC-2B71-42F0-9C1B-6D37497F5DA7}"
EndProject
Project("{FAE04EC0-301F-11D3-BF4B-00C04F79EFBC}") = "TsdLib.TestSystem", "TsdLib.TestSystem\TsdLib.TestSystem.csproj", "{3451FB26-8900-4E01-A46C-D00A9E0BBC2B}"
EndProject
Project("{FAE04EC0-301F-11D3-BF4B-00C04F79EFBC}") = "TsdLib.Measurements", "TsdLib.Measurements\TsdLib.Measurements.csproj", "{183FCB65-FF95-4BDA-8B9C-C93CE029E9CC}"
EndProject
Project("{FAE04EC0-301F-11D3-BF4B-00C04F79EFBC}") = "TsdLib.Instrument", "TsdLib.Instrument\TsdLib.Instrument.csproj", "{421092EB-A692-46A8-A66B-247C94C16421}"
EndProject
Project("{FAE04EC0-301F-11D3-BF4B-00C04F79EFBC}") = "TsdLib.Configuration", "TsdLib.Configuration\TsdLib.Configuration.csproj", "{2B62F43F-8670-4F88-B7BC-C9723D6FE8E7}"
EndProject
Project("{FAE04EC0-301F-11D3-BF4B-00C04F79EFBC}") = "TsdLib.Utilities", "TsdLib.Utilities\TsdLib.Utilities.csproj", "{C0EDAD98-25D3-4824-9DB6-A27DF7299E5D}"
EndProject
Project("{FAE04EC0-301F-11D3-BF4B-00C04F79EFBC}") = "TsdLib.Instrument.Ssh", "TsdLib.Instrument.Ssh\TsdLib.Instrument.Ssh.csproj", "{EC3F1676-015F-4191-9E66-84A2DB1EA945}"
EndProject
Project("{FAE04EC0-301F-11D3-BF4B-00C04F79EFBC}") = "TsdLib.Instrument.Adb", "TsdLib.Instrument.Adb\TsdLib.Instrument.Adb.csproj", "{5DFF1B05-A2D6-4313-94AB-546E4AD88377}"
EndProject
Project("{FAE04EC0-301F-11D3-BF4B-00C04F79EFBC}") = "TsdLib.Build", "TsdLib.Build\TsdLib.Build.csproj", "{1ABADA8F-9802-49F7-A7C0-9374F965DD17}"
EndProject
Global
	GlobalSection(SolutionConfigurationPlatforms) = preSolution
		Debug|Any CPU = Debug|Any CPU
		Release|Any CPU = Release|Any CPU
	EndGlobalSection
	GlobalSection(ProjectConfigurationPlatforms) = postSolution
		{A9AB58D9-08EA-43CC-AB6A-9E934BDD3C7B}.Debug|Any CPU.ActiveCfg = Debug|Any CPU
		{A9AB58D9-08EA-43CC-AB6A-9E934BDD3C7B}.Debug|Any CPU.Build.0 = Debug|Any CPU
		{A9AB58D9-08EA-43CC-AB6A-9E934BDD3C7B}.Release|Any CPU.ActiveCfg = Release|Any CPU
		{A9AB58D9-08EA-43CC-AB6A-9E934BDD3C7B}.Release|Any CPU.Build.0 = Release|Any CPU
		{FBCD8CC2-A747-4979-9507-AE356D466E5A}.Debug|Any CPU.ActiveCfg = Debug|Any CPU
		{FBCD8CC2-A747-4979-9507-AE356D466E5A}.Debug|Any CPU.Build.0 = Debug|Any CPU
		{FBCD8CC2-A747-4979-9507-AE356D466E5A}.Release|Any CPU.ActiveCfg = Release|Any CPU
		{FBCD8CC2-A747-4979-9507-AE356D466E5A}.Release|Any CPU.Build.0 = Release|Any CPU
		{7FAF514E-EFC9-40FB-B367-4E2F844547BC}.Debug|Any CPU.ActiveCfg = Debug|Any CPU
		{7FAF514E-EFC9-40FB-B367-4E2F844547BC}.Debug|Any CPU.Build.0 = Debug|Any CPU
		{7FAF514E-EFC9-40FB-B367-4E2F844547BC}.Release|Any CPU.ActiveCfg = Release|Any CPU
		{7FAF514E-EFC9-40FB-B367-4E2F844547BC}.Release|Any CPU.Build.0 = Release|Any CPU
		{F2A44688-E60E-47BB-AB58-21C4F06C9ABB}.Debug|Any CPU.ActiveCfg = Debug|Any CPU
		{F2A44688-E60E-47BB-AB58-21C4F06C9ABB}.Debug|Any CPU.Build.0 = Debug|Any CPU
		{F2A44688-E60E-47BB-AB58-21C4F06C9ABB}.Release|Any CPU.ActiveCfg = Release|Any CPU
		{F2A44688-E60E-47BB-AB58-21C4F06C9ABB}.Release|Any CPU.Build.0 = Release|Any CPU
		{2A2F878D-9E16-4E3A-B226-F2E5FE2B2965}.Debug|Any CPU.ActiveCfg = Debug|Any CPU
		{2A2F878D-9E16-4E3A-B226-F2E5FE2B2965}.Release|Any CPU.ActiveCfg = Release|Any CPU
		{2A2F878D-9E16-4E3A-B226-F2E5FE2B2965}.Release|Any CPU.Build.0 = Release|Any CPU
		{923CAB77-E583-406A-93B0-987D3AE10F74}.Debug|Any CPU.ActiveCfg = Debug|Any CPU
		{923CAB77-E583-406A-93B0-987D3AE10F74}.Debug|Any CPU.Build.0 = Debug|Any CPU
		{923CAB77-E583-406A-93B0-987D3AE10F74}.Release|Any CPU.ActiveCfg = Release|Any CPU
		{923CAB77-E583-406A-93B0-987D3AE10F74}.Release|Any CPU.Build.0 = Release|Any CPU
		{37004D55-3112-401C-A7F2-D222648FDC1E}.Debug|Any CPU.ActiveCfg = Debug|Any CPU
		{37004D55-3112-401C-A7F2-D222648FDC1E}.Debug|Any CPU.Build.0 = Debug|Any CPU
		{37004D55-3112-401C-A7F2-D222648FDC1E}.Release|Any CPU.ActiveCfg = Release|Any CPU
		{37004D55-3112-401C-A7F2-D222648FDC1E}.Release|Any CPU.Build.0 = Release|Any CPU
		{A3B07997-F603-4BE4-B32F-2DCA36629BD3}.Debug|Any CPU.ActiveCfg = Debug|Any CPU
		{A3B07997-F603-4BE4-B32F-2DCA36629BD3}.Debug|Any CPU.Build.0 = Debug|Any CPU
		{A3B07997-F603-4BE4-B32F-2DCA36629BD3}.Release|Any CPU.ActiveCfg = Release|Any CPU
		{A3B07997-F603-4BE4-B32F-2DCA36629BD3}.Release|Any CPU.Build.0 = Release|Any CPU
		{80C459F9-6A11-4BCC-B453-151BCF954E4F}.Debug|Any CPU.ActiveCfg = Debug|Any CPU
		{80C459F9-6A11-4BCC-B453-151BCF954E4F}.Debug|Any CPU.Build.0 = Debug|Any CPU
		{80C459F9-6A11-4BCC-B453-151BCF954E4F}.Release|Any CPU.ActiveCfg = Release|Any CPU
		{80C459F9-6A11-4BCC-B453-151BCF954E4F}.Release|Any CPU.Build.0 = Release|Any CPU
		{F4735655-3CC1-446B-B90B-7A193A1BDABB}.Debug|Any CPU.ActiveCfg = Debug|Any CPU
		{F4735655-3CC1-446B-B90B-7A193A1BDABB}.Debug|Any CPU.Build.0 = Debug|Any CPU
		{F4735655-3CC1-446B-B90B-7A193A1BDABB}.Release|Any CPU.ActiveCfg = Release|Any CPU
		{F4735655-3CC1-446B-B90B-7A193A1BDABB}.Release|Any CPU.Build.0 = Release|Any CPU
		{512BEDDC-2B71-42F0-9C1B-6D37497F5DA7}.Debug|Any CPU.ActiveCfg = Debug|Any CPU
		{512BEDDC-2B71-42F0-9C1B-6D37497F5DA7}.Debug|Any CPU.Build.0 = Debug|Any CPU
		{512BEDDC-2B71-42F0-9C1B-6D37497F5DA7}.Release|Any CPU.ActiveCfg = Release|Any CPU
		{512BEDDC-2B71-42F0-9C1B-6D37497F5DA7}.Release|Any CPU.Build.0 = Release|Any CPU
		{3451FB26-8900-4E01-A46C-D00A9E0BBC2B}.Debug|Any CPU.ActiveCfg = Debug|Any CPU
		{3451FB26-8900-4E01-A46C-D00A9E0BBC2B}.Debug|Any CPU.Build.0 = Debug|Any CPU
		{3451FB26-8900-4E01-A46C-D00A9E0BBC2B}.Release|Any CPU.ActiveCfg = Release|Any CPU
		{3451FB26-8900-4E01-A46C-D00A9E0BBC2B}.Release|Any CPU.Build.0 = Release|Any CPU
		{183FCB65-FF95-4BDA-8B9C-C93CE029E9CC}.Debug|Any CPU.ActiveCfg = Debug|Any CPU
		{183FCB65-FF95-4BDA-8B9C-C93CE029E9CC}.Debug|Any CPU.Build.0 = Debug|Any CPU
		{183FCB65-FF95-4BDA-8B9C-C93CE029E9CC}.Release|Any CPU.ActiveCfg = Release|Any CPU
		{183FCB65-FF95-4BDA-8B9C-C93CE029E9CC}.Release|Any CPU.Build.0 = Release|Any CPU
		{421092EB-A692-46A8-A66B-247C94C16421}.Debug|Any CPU.ActiveCfg = Debug|Any CPU
		{421092EB-A692-46A8-A66B-247C94C16421}.Debug|Any CPU.Build.0 = Debug|Any CPU
		{421092EB-A692-46A8-A66B-247C94C16421}.Release|Any CPU.ActiveCfg = Release|Any CPU
		{421092EB-A692-46A8-A66B-247C94C16421}.Release|Any CPU.Build.0 = Release|Any CPU
		{2B62F43F-8670-4F88-B7BC-C9723D6FE8E7}.Debug|Any CPU.ActiveCfg = Debug|Any CPU
		{2B62F43F-8670-4F88-B7BC-C9723D6FE8E7}.Debug|Any CPU.Build.0 = Debug|Any CPU
		{2B62F43F-8670-4F88-B7BC-C9723D6FE8E7}.Release|Any CPU.ActiveCfg = Release|Any CPU
		{2B62F43F-8670-4F88-B7BC-C9723D6FE8E7}.Release|Any CPU.Build.0 = Release|Any CPU
		{C0EDAD98-25D3-4824-9DB6-A27DF7299E5D}.Debug|Any CPU.ActiveCfg = Debug|Any CPU
		{C0EDAD98-25D3-4824-9DB6-A27DF7299E5D}.Debug|Any CPU.Build.0 = Debug|Any CPU
		{C0EDAD98-25D3-4824-9DB6-A27DF7299E5D}.Release|Any CPU.ActiveCfg = Release|Any CPU
		{C0EDAD98-25D3-4824-9DB6-A27DF7299E5D}.Release|Any CPU.Build.0 = Release|Any CPU
		{EC3F1676-015F-4191-9E66-84A2DB1EA945}.Debug|Any CPU.ActiveCfg = Debug|Any CPU
		{EC3F1676-015F-4191-9E66-84A2DB1EA945}.Debug|Any CPU.Build.0 = Debug|Any CPU
		{EC3F1676-015F-4191-9E66-84A2DB1EA945}.Release|Any CPU.ActiveCfg = Release|Any CPU
		{EC3F1676-015F-4191-9E66-84A2DB1EA945}.Release|Any CPU.Build.0 = Release|Any CPU
		{5DFF1B05-A2D6-4313-94AB-546E4AD88377}.Debug|Any CPU.ActiveCfg = Debug|Any CPU
		{5DFF1B05-A2D6-4313-94AB-546E4AD88377}.Debug|Any CPU.Build.0 = Debug|Any CPU
		{5DFF1B05-A2D6-4313-94AB-546E4AD88377}.Release|Any CPU.ActiveCfg = Release|Any CPU
		{5DFF1B05-A2D6-4313-94AB-546E4AD88377}.Release|Any CPU.Build.0 = Release|Any CPU
		{1ABADA8F-9802-49F7-A7C0-9374F965DD17}.Debug|Any CPU.ActiveCfg = Debug|Any CPU
		{1ABADA8F-9802-49F7-A7C0-9374F965DD17}.Debug|Any CPU.Build.0 = Debug|Any CPU
		{1ABADA8F-9802-49F7-A7C0-9374F965DD17}.Release|Any CPU.ActiveCfg = Release|Any CPU
		{1ABADA8F-9802-49F7-A7C0-9374F965DD17}.Release|Any CPU.Build.0 = Release|Any CPU
	EndGlobalSection
	GlobalSection(SolutionProperties) = preSolution
		HideSolutionNode = FALSE
	EndGlobalSection
	GlobalSection(NestedProjects) = preSolution
		{F2A44688-E60E-47BB-AB58-21C4F06C9ABB} = {7D3E0D66-0881-4ED3-AF14-85E3810AF580}
		{923CAB77-E583-406A-93B0-987D3AE10F74} = {7D3E0D66-0881-4ED3-AF14-85E3810AF580}
		{37004D55-3112-401C-A7F2-D222648FDC1E} = {7D3E0D66-0881-4ED3-AF14-85E3810AF580}
	EndGlobalSection
EndGlobal
